# nanvix.lock - auto-generated by nanvix_zutil. DO NOT EDIT.

[metadata]
manifest-hash = "sha256:8890d7f2a0d3137c58176d5377d56ebd09012e9c748cb216eea006a86108dfba"
nanvix-zutil-version = "0.16.3"

[metadata.sdk]
schema-version = 1
sdk-version = "v0.20.2-sdk.1"
provider-id = "c-clang"
provider = "clang"
role = "c"
image-name = "ghcr.io/nanvix/nanvix-sdk-c-clang"
image-digest = "sha256:65d18dfbe2774e37c1dfe1253374c8fcd548c1a0f0ccd888ab3f80983f5da096"
image-ref = "ghcr.io/nanvix/nanvix-sdk-c-clang@sha256:65d18dfbe2774e37c1dfe1253374c8fcd548c1a0f0ccd888ab3f80983f5da096"
nanvix-tag = "v0.20.2"
nanvix-version = "0.20.2"
nanvix-commit = "e41cef2fb035b2742d2c97bb6350b452ccb024a2"
sysroot-sha256 = "a9c9d3e46f7a07489273919661841fa11c461533ef8f86e5f678bfeb1781dfd2"

[metadata.sdk.target]
alias = "i686-nanvix"
triple = "i686-unknown-nanvix"

[metadata.sdk.toolchain]
llvm_commit = "f1bc2eabca705ef7217f7f77199425e6e63de7ef"
llvm_version = "22.1.8"
port_branch = "nanvix/v22.1.8"

[metadata.sdk.compat]
abi = "static-elf"
c_abi = "i686-nanvix-sysv-1"
cxx_abi = "libc++"
min_nanvix_os = "0.19.9"

[metadata.sdk.features]
compiler_rt = "builtins-only"
dynamic_loader = false
filesystem = true
localization = true
wide_chars = true


[[package]]
name = "nanvix"
repo = "nanvix/nanvix"
kind = "sysroot"
ref-kind = "tag"
ref-value = "0.20.2"
resolved-tag = "v0.20.2"
resolved-commitish = "e41cef2fb035b2742d2c97bb6350b452ccb024a2"
release-id = 352665943
dependencies = []

[[package.assets]]
name = "nanvix-windows-x86-microvm-standalone-release-256mb-e41cef2fb035b2742d2c97bb6350b452ccb024a2.zip"
url = "https://github.com/nanvix/nanvix/releases/download/v0.20.2/nanvix-windows-x86-microvm-standalone-release-256mb-e41cef2fb035b2742d2c97bb6350b452ccb024a2.zip"
id = 474058621

[[package.assets]]
name = "nanvix-x86-microvm-single-process-release-256mb-e41cef2fb035b2742d2c97bb6350b452ccb024a2.tar.bz2"
url = "https://github.com/nanvix/nanvix/releases/download/v0.20.2/nanvix-x86-microvm-single-process-release-256mb-e41cef2fb035b2742d2c97bb6350b452ccb024a2.tar.bz2"
id = 474058672

[[package.assets]]
name = "nanvix-x86-microvm-standalone-release-256mb-e41cef2fb035b2742d2c97bb6350b452ccb024a2.tar.bz2"
url = "https://github.com/nanvix/nanvix/releases/download/v0.20.2/nanvix-x86-microvm-standalone-release-256mb-e41cef2fb035b2742d2c97bb6350b452ccb024a2.tar.bz2"
id = 474058687

[[package]]
name = "zlib"
repo = "nanvix/zlib"
kind = "dependency"
ref-kind = "version"
ref-value = "1.3.1-nanvix-0.20.2-sdk.1"
resolved-tag = "1.3.1-nanvix-0.20.2-sdk.1"
resolved-commitish = "nanvix/v1.3.1"
release-id = 353940934
dependencies = []
required-by = [
    "sqlite",
    "libxml2",
    "libxslt",
    "lxml",
]

[[package.assets]]
name = "zlib-microvm-standalone-256mb.tar.gz"
url = "https://github.com/nanvix/zlib/releases/download/1.3.1-nanvix-0.20.2-sdk.1/zlib-microvm-standalone-256mb.tar.gz"
id = 476929632

[[package.assets]]
name = "zlib-microvm-standalone-256mb.zip"
url = "https://github.com/nanvix/zlib/releases/download/1.3.1-nanvix-0.20.2-sdk.1/zlib-microvm-standalone-256mb.zip"
id = 476929631

[[package]]
name = "sqlite"
repo = "nanvix/sqlite"
kind = "dependency"
ref-kind = "version"
ref-value = "3.49.0-nanvix-0.20.2-sdk.1"
resolved-tag = "3.49.0-nanvix-0.20.2-sdk.1"
resolved-commitish = "nanvix/v3.49.0"
release-id = 354393621
dependencies = [
    "zlib",
]

[[package.assets]]
name = "sqlite-microvm-standalone-256mb.tar.gz"
url = "https://github.com/nanvix/sqlite/releases/download/3.49.0-nanvix-0.20.2-sdk.1/sqlite-microvm-standalone-256mb.tar.gz"
id = 477863355

[[package.assets]]
name = "sqlite-microvm-standalone-256mb.zip"
url = "https://github.com/nanvix/sqlite/releases/download/3.49.0-nanvix-0.20.2-sdk.1/sqlite-microvm-standalone-256mb.zip"
id = 477863358

[[package]]
name = "openssl"
repo = "nanvix/openssl"
kind = "dependency"
ref-kind = "version"
ref-value = "3.5.0-nanvix-0.20.2-sdk.1"
resolved-tag = "3.5.0-nanvix-0.20.2-sdk.1"
resolved-commitish = "nanvix/v3.5.0"
release-id = 353942979
dependencies = []

[[package.assets]]
name = "openssl-microvm-standalone-256mb.tar.gz"
url = "https://github.com/nanvix/openssl/releases/download/3.5.0-nanvix-0.20.2-sdk.1/openssl-microvm-standalone-256mb.tar.gz"
id = 476933151

[[package.assets]]
name = "openssl-microvm-standalone-256mb.zip"
url = "https://github.com/nanvix/openssl/releases/download/3.5.0-nanvix-0.20.2-sdk.1/openssl-microvm-standalone-256mb.zip"
id = 476933152

[[package]]
name = "bzip2"
repo = "nanvix/bzip2"
kind = "dependency"
ref-kind = "version"
ref-value = "1.0.8-nanvix-0.20.2-sdk.1"
resolved-tag = "1.0.8-nanvix-0.20.2-sdk.1"
resolved-commitish = "nanvix/v1.0.8"
release-id = 353941091
dependencies = []

[[package.assets]]
name = "bzip2-microvm-standalone-256mb.tar.gz"
url = "https://github.com/nanvix/bzip2/releases/download/1.0.8-nanvix-0.20.2-sdk.1/bzip2-microvm-standalone-256mb.tar.gz"
id = 476929937

[[package.assets]]
name = "bzip2-microvm-standalone-256mb.zip"
url = "https://github.com/nanvix/bzip2/releases/download/1.0.8-nanvix-0.20.2-sdk.1/bzip2-microvm-standalone-256mb.zip"
id = 476929936

[[package]]
name = "libffi"
repo = "nanvix/libffi"
kind = "dependency"
ref-kind = "version"
ref-value = "3.4.6-nanvix-0.20.2-sdk.1"
resolved-tag = "3.4.6-nanvix-0.20.2-sdk.1"
resolved-commitish = "nanvix/v3.4.6"
release-id = 353941341
dependencies = []

[[package.assets]]
name = "libffi-microvm-standalone-256mb.tar.gz"
url = "https://github.com/nanvix/libffi/releases/download/3.4.6-nanvix-0.20.2-sdk.1/libffi-microvm-standalone-256mb.tar.gz"
id = 476930384

[[package.assets]]
name = "libffi-microvm-standalone-256mb.zip"
url = "https://github.com/nanvix/libffi/releases/download/3.4.6-nanvix-0.20.2-sdk.1/libffi-microvm-standalone-256mb.zip"
id = 476930382

[[package]]
name = "libxml2"
repo = "nanvix/libxml2"
kind = "dependency"
ref-kind = "version"
ref-value = "2.12.9-nanvix-0.20.2-sdk.1"
resolved-tag = "2.12.9-nanvix-0.20.2-sdk.1"
resolved-commitish = "nanvix/v2.12.9"
release-id = 354392994
dependencies = [
    "zlib",
]
required-by = [
    "libxslt",
    "lxml",
]

[[package.assets]]
name = "libxml2-microvm-standalone-256mb.tar.gz"
url = "https://github.com/nanvix/libxml2/releases/download/2.12.9-nanvix-0.20.2-sdk.1/libxml2-microvm-standalone-256mb.tar.gz"
id = 477862291

[[package.assets]]
name = "libxml2-microvm-standalone-256mb.zip"
url = "https://github.com/nanvix/libxml2/releases/download/2.12.9-nanvix-0.20.2-sdk.1/libxml2-microvm-standalone-256mb.zip"
id = 477862288

[[package]]
name = "libxslt"
repo = "nanvix/libxslt"
kind = "dependency"
ref-kind = "version"
ref-value = "1.1.42-nanvix-0.20.2-sdk.1"
resolved-tag = "1.1.42-nanvix-0.20.2-sdk.1"
resolved-commitish = "nanvix/v1.1.42"
release-id = 354416198
dependencies = [
    "libxml2",
    "zlib",
]
required-by = [
    "lxml",
]

[[package.assets]]
name = "libxslt-microvm-standalone-256mb.tar.gz"
url = "https://github.com/nanvix/libxslt/releases/download/1.1.42-nanvix-0.20.2-sdk.1/libxslt-microvm-standalone-256mb.tar.gz"
id = 477900311

[[package.assets]]
name = "libxslt-microvm-standalone-256mb.zip"
url = "https://github.com/nanvix/libxslt/releases/download/1.1.42-nanvix-0.20.2-sdk.1/libxslt-microvm-standalone-256mb.zip"
id = 477900313

[[package]]
name = "lxml"
repo = "nanvix/lxml"
kind = "dependency"
ref-kind = "version"
ref-value = "5.3.0-nanvix-0.20.2-sdk.1"
resolved-tag = "5.3.0-nanvix-0.20.2-sdk.1"
resolved-commitish = "nanvix/v5.3.0"
release-id = 354454214
dependencies = [
    "zlib",
    "libxml2",
    "libxslt",
]

[[package.assets]]
name = "lxml-microvm-standalone-256mb.tar.gz"
url = "https://github.com/nanvix/lxml/releases/download/5.3.0-nanvix-0.20.2-sdk.1/lxml-microvm-standalone-256mb.tar.gz"
id = 477958195

[[package.assets]]
name = "lxml-microvm-standalone-256mb.zip"
url = "https://github.com/nanvix/lxml/releases/download/5.3.0-nanvix-0.20.2-sdk.1/lxml-microvm-standalone-256mb.zip"
id = 477958178

[[package]]
name = "xz"
repo = "nanvix/xz"
kind = "dependency"
ref-kind = "version"
ref-value = "5.2.5-nanvix-0.20.2-sdk.1"
resolved-tag = "5.2.5-nanvix-0.20.2-sdk.1"
resolved-commitish = "nanvix/v5.2.5"
release-id = 353941160
dependencies = []

[[package.assets]]
name = "xz-microvm-standalone-256mb.tar.gz"
url = "https://github.com/nanvix/xz/releases/download/5.2.5-nanvix-0.20.2-sdk.1/xz-microvm-standalone-256mb.tar.gz"
id = 476930038

[[package.assets]]
name = "xz-microvm-standalone-256mb.zip"
url = "https://github.com/nanvix/xz/releases/download/5.2.5-nanvix-0.20.2-sdk.1/xz-microvm-standalone-256mb.zip"
id = 476930041
